
Microsoft Visual Studio Solution File, Format Version 12.00
# Visual Studio Version 16
VisualStudioVersion = 16.0.29613.14
MinimumVisualStudioVersion = 10.0.40219.1
Project("{FAE04EC0-301F-11D3-BF4B-00C04F79EFBC}") = "XPODemo", "XPODemo\XPODemo.csproj", "{63D888D6-3E92-46B1-8AA9-CA78AF8DEF43}"
EndProject
Global
	GlobalSection(SolutionConfigurationPlatforms) = preSolution
		Debug|Any CPU = Debug|Any CPU
		Release|Any CPU = Release|Any CPU
	EndGlobalSection
	GlobalSection(ProjectConfigurationPlatforms) = postSolution
		{63D888D6-3E92-46B1-8AA9-CA78AF8DEF43}.Debug|Any CPU.ActiveCfg = Debug|Any CPU
		{63D888D6-3E92-46B1-8AA9-CA78AF8DEF43}.Debug|Any CPU.Build.0 = Debug|Any CPU
		{63D888D6-3E92-46B1-8AA9-CA78AF8DEF43}.Release|Any CPU.ActiveCfg = Release|Any CPU
		{63D888D6-3E92-46B1-8AA9-CA78AF8DEF43}.Release|Any CPU.Build.0 = Release|Any CPU
	EndGlobalSection
	GlobalSection(SolutionProperties) = preSolution
		HideSolutionNode = FALSE
	EndGlobalSection
	GlobalSection(ExtensibilityGlobals) = postSolution
		SolutionGuid = {A0DE8F89-3550-4CD7-B157-0E6AD2901184}
	EndGlobalSection
EndGlobal
